# THIS IS AN AUTOGENERATED FILE. DO NOT EDIT THIS FILE DIRECTLY.
# yarn lockfile v1


"@babel/runtime@^7.12.1":
  version "7.12.1"
  resolved "https://registry.npm.taobao.org/@babel/runtime/download/@babel/runtime-7.12.1.tgz#b4116a6b6711d010b2dad3b7b6e43bf1b9954740"
  integrity sha1-tBFqa2cR0BCy2tO3tuQ78bmVR0A=
  dependencies:
    regenerator-runtime "^0.13.4"

"@polkadot/api-derive@2.3.1":
  version "2.3.1"
  resolved "https://registry.npm.taobao.org/@polkadot/api-derive/download/@polkadot/api-derive-2.3.1.tgz#7917035c087724782dc275411a256f5b8f747af4"
  integrity sha1-eRcDXAh3JHgtwnVBGiVvW490evQ=
  dependencies:
    "@babel/runtime" "^7.12.1"
    "@polkadot/api" "2.3.1"
    "@polkadot/rpc-core" "2.3.1"
    "@polkadot/rpc-provider" "2.3.1"
    "@polkadot/types" "2.3.1"
    "@polkadot/util" "^3.6.1"
    "@polkadot/util-crypto" "^3.6.1"
    bn.js "^5.1.3"
    memoizee "^0.4.14"
    rxjs "^6.6.3"

"@polkadot/api@2.3.1", "@polkadot/api@^2.3.1":
  version "2.3.1"
  resolved "https://registry.npm.taobao.org/@polkadot/api/download/@polkadot/api-2.3.1.tgz?cache=0&sync_timestamp=1603634698648&other_urls=https%3A%2F%2Fregistry.npm.taobao.org%2F%40polkadot%2Fapi%2Fdownload%2F%40polkadot%2Fapi-2.3.1.tgz#70be0f4558b4cff85323ea36767bdacb51e8323c"
  integrity sha1-cL4PRVi0z/hTI+o2dnvay1HoMjw=
  dependencies:
    "@babel/runtime" "^7.12.1"
    "@polkadot/api-derive" "2.3.1"
    "@polkadot/keyring" "^3.6.1"
    "@polkadot/metadata" "2.3.1"
    "@polkadot/rpc-core" "2.3.1"
    "@polkadot/rpc-provider" "2.3.1"
    "@polkadot/types" "2.3.1"
    "@polkadot/types-known" "2.3.1"
    "@polkadot/util" "^3.6.1"
    "@polkadot/util-crypto" "^3.6.1"
    bn.js "^5.1.3"
    eventemitter3 "^4.0.7"
    rxjs "^6.6.3"

"@polkadot/keyring@^3.6.1":
  version "3.6.1"
  resolved "https://registry.npm.taobao.org/@polkadot/keyring/download/@polkadot/keyring-3.6.1.tgz#51a4a08e650f9717115b4ee6ccf8f6dccd273594"
  integrity sha1-UaSgjmUPlxcRW07mzPj23M0nNZQ=
  dependencies:
    "@babel/runtime" "^7.12.1"
    "@polkadot/util" "3.6.1"
    "@polkadot/util-crypto" "3.6.1"

"@polkadot/metadata@2.3.1":
  version "2.3.1"
  resolved "https://registry.npm.taobao.org/@polkadot/metadata/download/@polkadot/metadata-2.3.1.tgz#c061ca73bfac65416f9717b6452794a5fb648948"
  integrity sha1-wGHKc7+sZUFvlxe2RSeUpftkiUg=
  dependencies:
    "@babel/runtime" "^7.12.1"
    "@polkadot/types" "2.3.1"
    "@polkadot/types-known" "2.3.1"
    "@polkadot/util" "^3.6.1"
    "@polkadot/util-crypto" "^3.6.1"
    bn.js "^5.1.3"

"@polkadot/networks@3.6.1":
  version "3.6.1"
  resolved "https://registry.npm.taobao.org/@polkadot/networks/download/@polkadot/networks-3.6.1.tgz#647858a03fd450014af453e72b66b812b027dc19"
  integrity sha1-ZHhYoD/UUAFK9FPnK2a4ErAn3Bk=
  dependencies:
    "@babel/runtime" "^7.12.1"

"@polkadot/rpc-core@2.3.1":
  version "2.3.1"
  resolved "https://registry.npm.taobao.org/@polkadot/rpc-core/download/@polkadot/rpc-core-2.3.1.tgz#aa89b13eb51c5919944c785cebfe9c1dbf57a7fe"
  integrity sha1-qomxPrUcWRmUTHhc6/6cHb9Xp/4=
  dependencies:
    "@babel/runtime" "^7.12.1"
    "@polkadot/metadata" "2.3.1"
    "@polkadot/rpc-provider" "2.3.1"
    "@polkadot/types" "2.3.1"
    "@polkadot/util" "^3.6.1"
    memoizee "^0.4.14"
    rxjs "^6.6.3"

"@polkadot/rpc-provider@2.3.1":
  version "2.3.1"
  resolved "https://registry.npm.taobao.org/@polkadot/rpc-provider/download/@polkadot/rpc-provider-2.3.1.tgz#1ba314027b2e9cd4bdf86b178b9ace598cb7befc"
  integrity sha1-G6MUAnsunNS9+GsXi5rOWYy3vvw=
  dependencies:
    "@babel/runtime" "^7.12.1"
    "@polkadot/metadata" "2.3.1"
    "@polkadot/types" "2.3.1"
    "@polkadot/util" "^3.6.1"
    "@polkadot/util-crypto" "^3.6.1"
    "@polkadot/x-fetch" "^0.3.3"
    "@polkadot/x-ws" "^0.3.3"
    bn.js "^5.1.3"
    eventemitter3 "^4.0.7"

"@polkadot/types-known@2.3.1":
  version "2.3.1"
  resolved "https://registry.npm.taobao.org/@polkadot/types-known/download/@polkadot/types-known-2.3.1.tgz#4aa255bbe998ed8f0d10f344eb364d96b3cb6fb7"
  integrity sha1-SqJVu+mY7Y8NEPNE6zZNlrPLb7c=
  dependencies:
    "@babel/runtime" "^7.12.1"
    "@polkadot/types" "2.3.1"
    "@polkadot/util" "^3.6.1"
    bn.js "^5.1.3"

"@polkadot/types@2.3.1", "@polkadot/types@^2.3.1":
  version "2.3.1"
  resolved "https://registry.npm.taobao.org/@polkadot/types/download/@polkadot/types-2.3.1.tgz#8a91678bf67f27c8e174dbf565ec5738bbd0d344"
  integrity sha1-ipFni/Z/J8jhdNv1ZexXOLvQ00Q=
  dependencies:
    "@babel/runtime" "^7.12.1"
    "@polkadot/metadata" "2.3.1"
    "@polkadot/util" "^3.6.1"
    "@polkadot/util-crypto" "^3.6.1"
    "@types/bn.js" "^4.11.6"
    bn.js "^5.1.3"
    memoizee "^0.4.14"
    rxjs "^6.6.3"

"@polkadot/util-crypto@3.6.1", "@polkadot/util-crypto@^3.6.1":
  version "3.6.1"
  resolved "https://registry.npm.taobao.org/@polkadot/util-crypto/download/@polkadot/util-crypto-3.6.1.tgz#827b679ef5c03bf1400d5fac942f4a0b59aa3acd"
  integrity sha1-gntnnvXAO/FADV+slC9KC1mqOs0=
  dependencies:
    "@babel/runtime" "^7.12.1"
    "@polkadot/networks" "3.6.1"
    "@polkadot/util" "3.6.1"
    "@polkadot/wasm-crypto" "^1.4.1"
    base-x "^3.0.8"
    bip39 "^3.0.2"
    blakejs "^1.1.0"
    bn.js "^5.1.3"
    elliptic "^6.5.3"
    js-sha3 "^0.8.0"
    pbkdf2 "^3.1.1"
    scryptsy "^2.1.0"
    tweetnacl "^1.0.3"
    xxhashjs "^0.2.2"

"@polkadot/util@3.6.1", "@polkadot/util@^3.6.1":
  version "3.6.1"
  resolved "https://registry.npm.taobao.org/@polkadot/util/download/@polkadot/util-3.6.1.tgz#1f45651d3a1bb89da27fcb42cc1af1536d30abd0"
  integrity sha1-H0VlHTobuJ2if8tCzBrxU20wq9A=
  dependencies:
    "@babel/runtime" "^7.12.1"
    "@polkadot/x-textdecoder" "^0.3.3"
    "@polkadot/x-textencoder" "^0.3.3"
    "@types/bn.js" "^4.11.6"
    bn.js "^5.1.3"
    camelcase "^5.3.1"
    chalk "^4.1.0"
    ip-regex "^4.2.0"

"@polkadot/wasm-crypto@^1.4.1":
  version "1.4.1"
  resolved "https://registry.npm.taobao.org/@polkadot/wasm-crypto/download/@polkadot/wasm-crypto-1.4.1.tgz#0a053d0c2587da30fb5313cef81f8d9a52029c68"
  integrity sha1-CgU9DCWH2jD7UxPO+B+NmlICnGg=

"@polkadot/x-fetch@^0.3.3":
  version "0.3.5"
  resolved "https://registry.npm.taobao.org/@polkadot/x-fetch/download/@polkadot/x-fetch-0.3.5.tgz#c997566fcd6997e523bf5aa8a4fa24d4e3d8458c"
  integrity sha1-yZdWb81pl+Ujv1qopPok1OPYRYw=
  dependencies:
    "@babel/runtime" "^7.12.1"
    "@types/node-fetch" "^2.5.7"
    node-fetch "^2.6.1"

"@polkadot/x-textdecoder@^0.3.3":
  version "0.3.5"
  resolved "https://registry.npm.taobao.org/@polkadot/x-textdecoder/download/@polkadot/x-textdecoder-0.3.5.tgz#76e65a1843a8a0e7a8ef8e3a5e69b3c242039349"
  integrity sha1-duZaGEOooOeo7446XmmzwkIDk0k=
  dependencies:
    "@babel/runtime" "^7.12.1"

"@polkadot/x-textencoder@^0.3.3":
  version "0.3.5"
  resolved "https://registry.npm.taobao.org/@polkadot/x-textencoder/download/@polkadot/x-textencoder-0.3.5.tgz#104c6734f5f0c95c157d0dc896d5ac4a4398f850"
  integrity sha1-EExnNPXwyVwVfQ3IltWsSkOY+FA=
  dependencies:
    "@babel/runtime" "^7.12.1"

"@polkadot/x-ws@^0.3.3":
  version "0.3.5"
  resolved "https://registry.npm.taobao.org/@polkadot/x-ws/download/@polkadot/x-ws-0.3.5.tgz#e0a2f64707c09dec736e2d21a076bb9d38630cf9"
  integrity sha1-4KL2RwfAnexzbi0hoHa7nThjDPk=
  dependencies:
    "@babel/runtime" "^7.12.1"
    "@types/websocket" "^1.0.1"
    websocket "^1.0.32"

"@types/bn.js@^4.11.6":
  version "4.11.6"
  resolved "https://registry.npm.taobao.org/@types/bn.js/download/@types/bn.js-4.11.6.tgz#c306c70d9358aaea33cd4eda092a742b9505967c"
  integrity sha1-wwbHDZNYquozzU7aCSp0K5UFlnw=
  dependencies:
    "@types/node" "*"

"@types/node-fetch@^2.5.7":
  version "2.5.7"
  resolved "https://registry.npm.taobao.org/@types/node-fetch/download/@types/node-fetch-2.5.7.tgz#20a2afffa882ab04d44ca786449a276f9f6bbf3c"
  integrity sha1-IKKv/6iCqwTUTKeGRJonb59rvzw=
  dependencies:
    "@types/node" "*"
    form-data "^3.0.0"

"@types/node@*":
  version "14.14.3"
  resolved "https://registry.npm.taobao.org/@types/node/download/@types/node-14.14.3.tgz?cache=0&sync_timestamp=1603658967857&other_urls=https%3A%2F%2Fregistry.npm.taobao.org%2F%40types%2Fnode%2Fdownload%2F%40types%2Fnode-14.14.3.tgz#e1c09064121f894baaad2bd9f12ce4a41bffb274"
  integrity sha1-4cCQZBIfiUuqrSvZ8SzkpBv/snQ=

"@types/node@11.11.6":
  version "11.11.6"
  resolved "https://registry.npm.taobao.org/@types/node/download/@types/node-11.11.6.tgz?cache=0&sync_timestamp=1603658967857&other_urls=https%3A%2F%2Fregistry.npm.taobao.org%2F%40types%2Fnode%2Fdownload%2F%40types%2Fnode-11.11.6.tgz#df929d1bb2eee5afdda598a41930fe50b43eaa6a"
  integrity sha1-35KdG7Lu5a/dpZikGTD+ULQ+qmo=

"@types/websocket@^1.0.1":
  version "1.0.1"
  resolved "https://registry.npm.taobao.org/@types/websocket/download/@types/websocket-1.0.1.tgz#039272c196c2c0e4868a0d8a1a27bbb86e9e9138"
  integrity sha1-A5JywZbCwOSGig2KGie7uG6ekTg=
  dependencies:
    "@types/node" "*"

ansi-styles@^4.1.0:
  version "4.3.0"
  resolved "https://registry.npm.taobao.org/ansi-styles/download/ansi-styles-4.3.0.tgz?cache=0&sync_timestamp=1601839226460&other_urls=https%3A%2F%2Fregistry.npm.taobao.org%2Fansi-styles%2Fdownload%2Fansi-styles-4.3.0.tgz#edd803628ae71c04c85ae7a0906edad34b648937"
  integrity sha1-7dgDYornHATIWuegkG7a00tkiTc=
  dependencies:
    color-convert "^2.0.1"

asynckit@^0.4.0:
  version "0.4.0"
  resolved "https://registry.npm.taobao.org/asynckit/download/asynckit-0.4.0.tgz#c79ed97f7f34cb8f2ba1bc9790bcc366474b4b79"
  integrity sha1-x57Zf380y48robyXkLzDZkdLS3k=

base-x@^3.0.8:
  version "3.0.8"
  resolved "https://registry.npm.taobao.org/base-x/download/base-x-3.0.8.tgz#1e1106c2537f0162e8b52474a557ebb09000018d"
  integrity sha1-HhEGwlN/AWLotSR0pVfrsJAAAY0=
  dependencies:
    safe-buffer "^5.0.1"

bip39@^3.0.2:
  version "3.0.2"
  resolved "https://registry.npm.taobao.org/bip39/download/bip39-3.0.2.tgz#2baf42ff3071fc9ddd5103de92e8f80d9257ee32"
  integrity sha1-K69C/zBx/J3dUQPekuj4DZJX7jI=
  dependencies:
    "@types/node" "11.11.6"
    create-hash "^1.1.0"
    pbkdf2 "^3.0.9"
    randombytes "^2.0.1"

blakejs@^1.1.0:
  version "1.1.0"
  resolved "https://registry.npm.taobao.org/blakejs/download/blakejs-1.1.0.tgz#69df92ef953aa88ca51a32df6ab1c54a155fc7a5"
  integrity sha1-ad+S75U6qIylGjLfarHFShVfx6U=

bn.js@^4.4.0:
  version "4.11.9"
  resolved "https://registry.npm.taobao.org/bn.js/download/bn.js-4.11.9.tgz#26d556829458f9d1e81fc48952493d0ba3507828"
  integrity sha1-JtVWgpRY+dHoH8SJUkk9C6NQeCg=

bn.js@^5.1.3:
  version "5.1.3"
  resolved "https://registry.npm.taobao.org/bn.js/download/bn.js-5.1.3.tgz#beca005408f642ebebea80b042b4d18d2ac0ee6b"
  integrity sha1-vsoAVAj2Quvr6oCwQrTRjSrA7ms=

bn@^1.0.5:
  version "1.0.5"
  resolved "https://registry.npm.taobao.org/bn/download/bn-1.0.5.tgz#fdf5fdeede044884ea7ee62adff763ee99144fa5"
  integrity sha1-/fX97t4ESITqfuYq3/dj7pkUT6U=

brorand@^1.0.1:
  version "1.1.0"
  resolved "https://registry.npm.taobao.org/brorand/download/brorand-1.1.0.tgz#12c25efe40a45e3c323eb8675a0a0ce57b22371f"
  integrity sha1-EsJe/kCkXjwyPrhnWgoM5XsiNx8=

bufferutil@^4.0.1:
  version "4.0.1"
  resolved "https://registry.npm.taobao.org/bufferutil/download/bufferutil-4.0.1.tgz#3a177e8e5819a1243fe16b63a199951a7ad8d4a7"
  integrity sha1-Ohd+jlgZoSQ/4WtjoZmVGnrY1Kc=
  dependencies:
    node-gyp-build "~3.7.0"

camelcase@^5.3.1:
  version "5.3.1"
  resolved "https://registry.npm.taobao.org/camelcase/download/camelcase-5.3.1.tgz?cache=0&sync_timestamp=1602349860948&other_urls=https%3A%2F%2Fregistry.npm.taobao.org%2Fcamelcase%2Fdownload%2Fcamelcase-5.3.1.tgz#e3c9b31569e106811df242f715725a1f4c494320"
  integrity sha1-48mzFWnhBoEd8kL3FXJaH0xJQyA=

chalk@^4.1.0:
  version "4.1.0"
  resolved "https://registry.npm.taobao.org/chalk/download/chalk-4.1.0.tgz#4e14870a618d9e2edd97dd8345fd9d9dc315646a"
  integrity sha1-ThSHCmGNni7dl92DRf2dncMVZGo=
  dependencies:
    ansi-styles "^4.1.0"
    supports-color "^7.1.0"

cipher-base@^1.0.1, cipher-base@^1.0.3:
  version "1.0.4"
  resolved "https://registry.npm.taobao.org/cipher-base/download/cipher-base-1.0.4.tgz#8760e4ecc272f4c363532f926d874aae2c1397de"
  integrity sha1-h2Dk7MJy9MNjUy+SbYdKriwTl94=
  dependencies:
    inherits "^2.0.1"
    safe-buffer "^5.0.1"

color-convert@^2.0.1:
  version "2.0.1"
  resolved "https://registry.npm.taobao.org/color-convert/download/color-convert-2.0.1.tgz#72d3a68d598c9bdb3af2ad1e84f21d896abd4de3"
  integrity sha1-ctOmjVmMm9s68q0ehPIdiWq9TeM=
  dependencies:
    color-name "~1.1.4"

color-name@~1.1.4:
  version "1.1.4"
  resolved "https://registry.npm.taobao.org/color-name/download/color-name-1.1.4.tgz#c2a09a87acbde69543de6f63fa3995c826c536a2"
  integrity sha1-wqCah6y95pVD3m9j+jmVyCbFNqI=

combined-stream@^1.0.8:
  version "1.0.8"
  resolved "https://registry.npm.taobao.org/combined-stream/download/combined-stream-1.0.8.tgz#c3d45a8b34fd730631a110a8a2520682b31d5a7f"
  integrity sha1-w9RaizT9cwYxoRCoolIGgrMdWn8=
  dependencies:
    delayed-stream "~1.0.0"

create-hash@^1.1.0, create-hash@^1.1.2:
  version "1.2.0"
  resolved "https://registry.npm.taobao.org/create-hash/download/create-hash-1.2.0.tgz#889078af11a63756bcfb59bd221996be3a9ef196"
  integrity sha1-iJB4rxGmN1a8+1m9IhmWvjqe8ZY=
  dependencies:
    cipher-base "^1.0.1"
    inherits "^2.0.1"
    md5.js "^1.3.4"
    ripemd160 "^2.0.1"
    sha.js "^2.4.0"

create-hmac@^1.1.4:
  version "1.1.7"
  resolved "https://registry.npm.taobao.org/create-hmac/download/create-hmac-1.1.7.tgz#69170c78b3ab957147b2b8b04572e47ead2243ff"
  integrity sha1-aRcMeLOrlXFHsriwRXLkfq0iQ/8=
  dependencies:
    cipher-base "^1.0.3"
    create-hash "^1.1.0"
    inherits "^2.0.1"
    ripemd160 "^2.0.0"
    safe-buffer "^5.0.1"
    sha.js "^2.4.8"

cuint@^0.2.2:
  version "0.2.2"
  resolved "https://registry.npm.taobao.org/cuint/download/cuint-0.2.2.tgz#408086d409550c2631155619e9fa7bcadc3b991b"
  integrity sha1-QICG1AlVDCYxFVYZ6fp7ytw7mRs=

d@1, d@^1.0.1:
  version "1.0.1"
  resolved "https://registry.npm.taobao.org/d/download/d-1.0.1.tgz#8698095372d58dbee346ffd0c7093f99f8f9eb5a"
  integrity sha1-hpgJU3LVjb7jRv/Qxwk/mfj561o=
  dependencies:
    es5-ext "^0.10.50"
    type "^1.0.1"

debug@^2.2.0:
  version "2.6.9"
  resolved "https://registry.npm.taobao.org/debug/download/debug-2.6.9.tgz?cache=0&sync_timestamp=1600502826356&other_urls=https%3A%2F%2Fregistry.npm.taobao.org%2Fdebug%2Fdownload%2Fdebug-2.6.9.tgz#5d128515df134ff327e90a4c93f4e077a536341f"
  integrity sha1-XRKFFd8TT/Mn6QpMk/Tgd6U2NB8=
  dependencies:
    ms "2.0.0"

delayed-stream@~1.0.0:
  version "1.0.0"
  resolved "https://registry.npm.taobao.org/delayed-stream/download/delayed-stream-1.0.0.tgz#df3ae199acadfb7d440aaae0b29e2272b24ec619"
  integrity sha1-3zrhmayt+31ECqrgsp4icrJOxhk=

elliptic@^6.5.3:
  version "6.5.3"
  resolved "https://registry.npm.taobao.org/elliptic/download/elliptic-6.5.3.tgz#cb59eb2efdaf73a0bd78ccd7015a62ad6e0f93d6"
  integrity sha1-y1nrLv2vc6C9eMzXAVpirW4Pk9Y=
  dependencies:
    bn.js "^4.4.0"
    brorand "^1.0.1"
    hash.js "^1.0.0"
    hmac-drbg "^1.0.0"
    inherits "^2.0.1"
    minimalistic-assert "^1.0.0"
    minimalistic-crypto-utils "^1.0.0"

es5-ext@^0.10.35, es5-ext@^0.10.45, es5-ext@^0.10.46, es5-ext@^0.10.50, es5-ext@~0.10.14, es5-ext@~0.10.2, es5-ext@~0.10.46:
  version "0.10.53"
  resolved "https://registry.npm.taobao.org/es5-ext/download/es5-ext-0.10.53.tgz#93c5a3acfdbef275220ad72644ad02ee18368de1"
  integrity sha1-k8WjrP2+8nUiCtcmRK0C7hg2jeE=
  dependencies:
    es6-iterator "~2.0.3"
    es6-symbol "~3.1.3"
    next-tick "~1.0.0"

es6-iterator@^2.0.3, es6-iterator@~2.0.3:
  version "2.0.3"
  resolved "https://registry.npm.taobao.org/es6-iterator/download/es6-iterator-2.0.3.tgz#a7de889141a05a94b0854403b2d0a0fbfa98f3b7"
  integrity sha1-p96IkUGgWpSwhUQDstCg+/qY87c=
  dependencies:
    d "1"
    es5-ext "^0.10.35"
    es6-symbol "^3.1.1"

es6-symbol@^3.1.1, es6-symbol@~3.1.3:
  version "3.1.3"
  resolved "https://registry.npm.taobao.org/es6-symbol/download/es6-symbol-3.1.3.tgz#bad5d3c1bcdac28269f4cb331e431c78ac705d18"
  integrity sha1-utXTwbzawoJp9MszHkMceKxwXRg=
  dependencies:
    d "^1.0.1"
    ext "^1.1.2"

es6-weak-map@^2.0.2:
  version "2.0.3"
  resolved "https://registry.npm.taobao.org/es6-weak-map/download/es6-weak-map-2.0.3.tgz#b6da1f16cc2cc0d9be43e6bdbfc5e7dfcdf31d53"
  integrity sha1-ttofFswswNm+Q+a9v8Xn383zHVM=
  dependencies:
    d "1"
    es5-ext "^0.10.46"
    es6-iterator "^2.0.3"
    es6-symbol "^3.1.1"

event-emitter@^0.3.5:
  version "0.3.5"
  resolved "https://registry.npm.taobao.org/event-emitter/download/event-emitter-0.3.5.tgz#df8c69eef1647923c7157b9ce83840610b02cc39"
  integrity sha1-34xp7vFkeSPHFXuc6DhAYQsCzDk=
  dependencies:
    d "1"
    es5-ext "~0.10.14"

eventemitter3@^4.0.7:
  version "4.0.7"
  resolved "https://registry.npm.taobao.org/eventemitter3/download/eventemitter3-4.0.7.tgz#2de9b68f6528d5644ef5c59526a1b4a07306169f"
  integrity sha1-Lem2j2Uo1WRO9cWVJqG0oHMGFp8=

ext@^1.1.2:
  version "1.4.0"
  resolved "https://registry.npm.taobao.org/ext/download/ext-1.4.0.tgz?cache=0&other_urls=https%3A%2F%2Fregistry.npm.taobao.org%2Fext%2Fdownload%2Fext-1.4.0.tgz#89ae7a07158f79d35517882904324077e4379244"
  integrity sha1-ia56BxWPedNVF4gpBDJAd+Q3kkQ=
  dependencies:
    type "^2.0.0"

form-data@^3.0.0:
  version "3.0.0"
  resolved "https://registry.npm.taobao.org/form-data/download/form-data-3.0.0.tgz#31b7e39c85f1355b7139ee0c647cf0de7f83c682"
  integrity sha1-MbfjnIXxNVtxOe4MZHzw3n+DxoI=
  dependencies:
    asynckit "^0.4.0"
    combined-stream "^1.0.8"
    mime-types "^2.1.12"

has-flag@^4.0.0:
  version "4.0.0"
  resolved "https://registry.npm.taobao.org/has-flag/download/has-flag-4.0.0.tgz#944771fd9c81c81265c4d6941860da06bb59479b"
  integrity sha1-lEdx/ZyByBJlxNaUGGDaBrtZR5s=

hash-base@^3.0.0:
  version "3.1.0"
  resolved "https://registry.npm.taobao.org/hash-base/download/hash-base-3.1.0.tgz#55c381d9e06e1d2997a883b4a3fddfe7f0d3af33"
  integrity sha1-VcOB2eBuHSmXqIO0o/3f5/DTrzM=
  dependencies:
    inherits "^2.0.4"
    readable-stream "^3.6.0"
    safe-buffer "^5.2.0"

hash.js@^1.0.0, hash.js@^1.0.3:
  version "1.1.7"
  resolved "https://registry.npm.taobao.org/hash.js/download/hash.js-1.1.7.tgz#0babca538e8d4ee4a0f8988d68866537a003cf42"
  integrity sha1-C6vKU46NTuSg+JiNaIZlN6ADz0I=
  dependencies:
    inherits "^2.0.3"
    minimalistic-assert "^1.0.1"

hmac-drbg@^1.0.0:
  version "1.0.1"
  resolved "https://registry.npm.taobao.org/hmac-drbg/download/hmac-drbg-1.0.1.tgz#d2745701025a6c775a6c545793ed502fc0c649a1"
  integrity sha1-0nRXAQJabHdabFRXk+1QL8DGSaE=
  dependencies:
    hash.js "^1.0.3"
    minimalistic-assert "^1.0.0"
    minimalistic-crypto-utils "^1.0.1"

inherits@^2.0.1, inherits@^2.0.3, inherits@^2.0.4:
  version "2.0.4"
  resolved "https://registry.npm.taobao.org/inherits/download/inherits-2.0.4.tgz#0fa2c64f932917c3433a0ded55363aae37416b7c"
  integrity sha1-D6LGT5MpF8NDOg3tVTY6rjdBa3w=

ip-regex@^4.2.0:
  version "4.2.0"
  resolved "https://registry.npm.taobao.org/ip-regex/download/ip-regex-4.2.0.tgz?cache=0&sync_timestamp=1601334312409&other_urls=https%3A%2F%2Fregistry.npm.taobao.org%2Fip-regex%2Fdownload%2Fip-regex-4.2.0.tgz#a03f5eb661d9a154e3973a03de8b23dd0ad6892e"
  integrity sha1-oD9etmHZoVTjlzoD3osj3QrWiS4=

is-promise@^2.1:
  version "2.2.2"
  resolved "https://registry.npm.taobao.org/is-promise/download/is-promise-2.2.2.tgz#39ab959ccbf9a774cf079f7b40c7a26f763135f1"
  integrity sha1-OauVnMv5p3TPB597QMeib3YxNfE=

is-typedarray@^1.0.0:
  version "1.0.0"
  resolved "https://registry.npm.taobao.org/is-typedarray/download/is-typedarray-1.0.0.tgz#e479c80858df0c1b11ddda6940f96011fcda4a9a"
  integrity sha1-5HnICFjfDBsR3dppQPlgEfzaSpo=

js-sha3@^0.8.0:
  version "0.8.0"
  resolved "https://registry.npm.taobao.org/js-sha3/download/js-sha3-0.8.0.tgz#b9b7a5da73afad7dedd0f8c463954cbde6818840"
  integrity sha1-ubel2nOvrX3t0PjEY5VMveaBiEA=

lru-queue@0.1:
  version "0.1.0"
  resolved "https://registry.npm.taobao.org/lru-queue/download/lru-queue-0.1.0.tgz#2738bd9f0d3cf4f84490c5736c48699ac632cda3"
  integrity sha1-Jzi9nw089PhEkMVzbEhpmsYyzaM=
  dependencies:
    es5-ext "~0.10.2"

md5.js@^1.3.4:
  version "1.3.5"
  resolved "https://registry.npm.taobao.org/md5.js/download/md5.js-1.3.5.tgz#b5d07b8e3216e3e27cd728d72f70d1e6a342005f"
  integrity sha1-tdB7jjIW4+J81yjXL3DR5qNCAF8=
  dependencies:
    hash-base "^3.0.0"
    inherits "^2.0.1"
    safe-buffer "^5.1.2"

memoizee@^0.4.14:
  version "0.4.14"
  resolved "https://registry.npm.taobao.org/memoizee/download/memoizee-0.4.14.tgz#07a00f204699f9a95c2d9e77218271c7cd610d57"
  integrity sha1-B6APIEaZ+alcLZ53IYJxx81hDVc=
  dependencies:
    d "1"
    es5-ext "^0.10.45"
    es6-weak-map "^2.0.2"
    event-emitter "^0.3.5"
    is-promise "^2.1"
    lru-queue "0.1"
    next-tick "1"
    timers-ext "^0.1.5"

mime-db@1.44.0:
  version "1.44.0"
  resolved "https://registry.npm.taobao.org/mime-db/download/mime-db-1.44.0.tgz?cache=0&sync_timestamp=1600831175828&other_urls=https%3A%2F%2Fregistry.npm.taobao.org%2Fmime-db%2Fdownload%2Fmime-db-1.44.0.tgz#fa11c5eb0aca1334b4233cb4d52f10c5a6272f92"
  integrity sha1-+hHF6wrKEzS0Izy01S8QxaYnL5I=

mime-types@^2.1.12:
  version "2.1.27"
  resolved "https://registry.npm.taobao.org/mime-types/download/mime-types-2.1.27.tgz#47949f98e279ea53119f5722e0f34e529bec009f"
  integrity sha1-R5SfmOJ56lMRn1ci4PNOUpvsAJ8=
  dependencies:
    mime-db "1.44.0"

minimalistic-assert@^1.0.0, minimalistic-assert@^1.0.1:
  version "1.0.1"
  resolved "https://registry.npm.taobao.org/minimalistic-assert/download/minimalistic-assert-1.0.1.tgz#2e194de044626d4a10e7f7fbc00ce73e83e4d5c7"
  integrity sha1-LhlN4ERibUoQ5/f7wAznPoPk1cc=

minimalistic-crypto-utils@^1.0.0, minimalistic-crypto-utils@^1.0.1:
  version "1.0.1"
  resolved "https://registry.npm.taobao.org/minimalistic-crypto-utils/download/minimalistic-crypto-utils-1.0.1.tgz#f6c00c1c0b082246e5c4d99dfb8c7c083b2b582a"
  integrity sha1-9sAMHAsIIkblxNmd+4x8CDsrWCo=

ms@2.0.0:
  version "2.0.0"
  resolved "https://registry.npm.taobao.org/ms/download/ms-2.0.0.tgz#5608aeadfc00be6c2901df5f9861788de0d597c8"
  integrity sha1-VgiurfwAvmwpAd9fmGF4jeDVl8g=

next-tick@1:
  version "1.1.0"
  resolved "https://registry.npm.taobao.org/next-tick/download/next-tick-1.1.0.tgz#1836ee30ad56d67ef281b22bd199f709449b35eb"
  integrity sha1-GDbuMK1W1n7ygbIr0Zn3CUSbNes=

next-tick@~1.0.0:
  version "1.0.0"
  resolved "https://registry.npm.taobao.org/next-tick/download/next-tick-1.0.0.tgz#ca86d1fe8828169b0120208e3dc8424b9db8342c"
  integrity sha1-yobR/ogoFpsBICCOPchCS524NCw=

node-fetch@^2.6.1:
  version "2.6.1"
  resolved "https://registry.npm.taobao.org/node-fetch/download/node-fetch-2.6.1.tgz#045bd323631f76ed2e2b55573394416b639a0052"
  integrity sha1-BFvTI2Mfdu0uK1VXM5RBa2OaAFI=

node-gyp-build@~3.7.0:
  version "3.7.0"
  resolved "https://registry.npm.taobao.org/node-gyp-build/download/node-gyp-build-3.7.0.tgz#daa77a4f547b9aed3e2aac779eaf151afd60ec8d"
  integrity sha1-2qd6T1R7mu0+Kqx3nq8VGv1g7I0=

pbkdf2@^3.0.9, pbkdf2@^3.1.1:
  version "3.1.1"
  resolved "https://registry.npm.taobao.org/pbkdf2/download/pbkdf2-3.1.1.tgz#cb8724b0fada984596856d1a6ebafd3584654b94"
  integrity sha1-y4cksPramEWWhW0abrr9NYRlS5Q=
  dependencies:
    create-hash "^1.1.2"
    create-hmac "^1.1.4"
    ripemd160 "^2.0.1"
    safe-buffer "^5.0.1"
    sha.js "^2.4.8"

randombytes@^2.0.1:
  version "2.1.0"
  resolved "https://registry.npm.taobao.org/randombytes/download/randombytes-2.1.0.tgz#df6f84372f0270dc65cdf6291349ab7a473d4f2a"
  integrity sha1-32+ENy8CcNxlzfYpE0mrekc9Tyo=
  dependencies:
    safe-buffer "^5.1.0"

readable-stream@^3.6.0:
  version "3.6.0"
  resolved "https://registry.npm.taobao.org/readable-stream/download/readable-stream-3.6.0.tgz#337bbda3adc0706bd3e024426a286d4b4b2c9198"
  integrity sha1-M3u9o63AcGvT4CRCaihtS0sskZg=
  dependencies:
    inherits "^2.0.3"
    string_decoder "^1.1.1"
    util-deprecate "^1.0.1"

regenerator-runtime@^0.13.4:
  version "0.13.7"
  resolved "https://registry.npm.taobao.org/regenerator-runtime/download/regenerator-runtime-0.13.7.tgz#cac2dacc8a1ea675feaabaeb8ae833898ae46f55"
  integrity sha1-ysLazIoepnX+qrrriugziYrkb1U=

ripemd160@^2.0.0, ripemd160@^2.0.1:
  version "2.0.2"
  resolved "https://registry.npm.taobao.org/ripemd160/download/ripemd160-2.0.2.tgz#a1c1a6f624751577ba5d07914cbc92850585890c"
  integrity sha1-ocGm9iR1FXe6XQeRTLyShQWFiQw=
  dependencies:
    hash-base "^3.0.0"
    inherits "^2.0.1"

rxjs@^6.6.3:
  version "6.6.3"
  resolved "https://registry.npm.taobao.org/rxjs/download/rxjs-6.6.3.tgz?cache=0&sync_timestamp=1602770934889&other_urls=https%3A%2F%2Fregistry.npm.taobao.org%2Frxjs%2Fdownload%2Frxjs-6.6.3.tgz#8ca84635c4daa900c0d3967a6ee7ac60271ee552"
  integrity sha1-jKhGNcTaqQDA05Z6buesYCce5VI=
  dependencies:
    tslib "^1.9.0"

safe-buffer@^5.0.1, safe-buffer@^5.1.0, safe-buffer@^5.1.2, safe-buffer@^5.2.0, safe-buffer@~5.2.0:
  version "5.2.1"
  resolved "https://registry.npm.taobao.org/safe-buffer/download/safe-buffer-5.2.1.tgz?cache=0&sync_timestamp=1600349129929&other_urls=https%3A%2F%2Fregistry.npm.taobao.org%2Fsafe-buffer%2Fdownload%2Fsafe-buffer-5.2.1.tgz#1eaf9fa9bdb1fdd4ec75f58f9cdb4e6b7827eec6"
  integrity sha1-Hq+fqb2x/dTsdfWPnNtOa3gn7sY=

scryptsy@^2.1.0:
  version "2.1.0"
  resolved "https://registry.npm.taobao.org/scryptsy/download/scryptsy-2.1.0.tgz#8d1e8d0c025b58fdd25b6fa9a0dc905ee8faa790"
  integrity sha1-jR6NDAJbWP3SW2+poNyQXuj6p5A=

sha.js@^2.4.0, sha.js@^2.4.8:
  version "2.4.11"
  resolved "https://registry.npm.taobao.org/sha.js/download/sha.js-2.4.11.tgz#37a5cf0b81ecbc6943de109ba2960d1b26584ae7"
  integrity sha1-N6XPC4HsvGlD3hCbopYNGyZYSuc=
  dependencies:
    inherits "^2.0.1"
    safe-buffer "^5.0.1"

string_decoder@^1.1.1:
  version "1.3.0"
  resolved "https://registry.npm.taobao.org/string_decoder/download/string_decoder-1.3.0.tgz#42f114594a46cf1a8e30b0a84f56c78c3edac21e"
  integrity sha1-QvEUWUpGzxqOMLCoT1bHjD7awh4=
  dependencies:
    safe-buffer "~5.2.0"

supports-color@^7.1.0:
  version "7.2.0"
  resolved "https://registry.npm.taobao.org/supports-color/download/supports-color-7.2.0.tgz?cache=0&sync_timestamp=1598611771865&other_urls=https%3A%2F%2Fregistry.npm.taobao.org%2Fsupports-color%2Fdownload%2Fsupports-color-7.2.0.tgz#1b7dcdcb32b8138801b3e478ba6a51caa89648da"
  integrity sha1-G33NyzK4E4gBs+R4umpRyqiWSNo=
  dependencies:
    has-flag "^4.0.0"

timers-ext@^0.1.5:
  version "0.1.7"
  resolved "https://registry.npm.taobao.org/timers-ext/download/timers-ext-0.1.7.tgz#6f57ad8578e07a3fb9f91d9387d65647555e25c6"
  integrity sha1-b1ethXjgej+5+R2Th9ZWR1VeJcY=
  dependencies:
    es5-ext "~0.10.46"
    next-tick "1"

tslib@^1.9.0:
  version "1.14.1"
  resolved "https://registry.npm.taobao.org/tslib/download/tslib-1.14.1.tgz?cache=0&sync_timestamp=1602286724979&other_urls=https%3A%2F%2Fregistry.npm.taobao.org%2Ftslib%2Fdownload%2Ftslib-1.14.1.tgz#cf2d38bdc34a134bcaf1091c41f6619e2f672d00"
  integrity sha1-zy04vcNKE0vK8QkcQfZhni9nLQA=

tweetnacl@^1.0.3:
  version "1.0.3"
  resolved "https://registry.npm.taobao.org/tweetnacl/download/tweetnacl-1.0.3.tgz#ac0af71680458d8a6378d0d0d050ab1407d35596"
  integrity sha1-rAr3FoBFjYpjeNDQ0FCrFAfTVZY=

type@^1.0.1:
  version "1.2.0"
  resolved "https://registry.npm.taobao.org/type/download/type-1.2.0.tgz#848dd7698dafa3e54a6c479e759c4bc3f18847a0"
  integrity sha1-hI3XaY2vo+VKbEeedZxLw/GIR6A=

type@^2.0.0:
  version "2.1.0"
  resolved "https://registry.npm.taobao.org/type/download/type-2.1.0.tgz#9bdc22c648cf8cf86dd23d32336a41cfb6475e3f"
  integrity sha1-m9wixkjPjPht0j0yM2pBz7ZHXj8=

typedarray-to-buffer@^3.1.5:
  version "3.1.5"
  resolved "https://registry.npm.taobao.org/typedarray-to-buffer/download/typedarray-to-buffer-3.1.5.tgz#a97ee7a9ff42691b9f783ff1bc5112fe3fca9080"
  integrity sha1-qX7nqf9CaRufeD/xvFES/j/KkIA=
  dependencies:
    is-typedarray "^1.0.0"

utf-8-validate@^5.0.2:
  version "5.0.2"
  resolved "https://registry.npm.taobao.org/utf-8-validate/download/utf-8-validate-5.0.2.tgz#63cfbccd85dc1f2b66cf7a1d0eebc08ed056bfb3"
  integrity sha1-Y8+8zYXcHytmz3odDuvAjtBWv7M=
  dependencies:
    node-gyp-build "~3.7.0"

util-deprecate@^1.0.1:
  version "1.0.2"
  resolved "https://registry.npm.taobao.org/util-deprecate/download/util-deprecate-1.0.2.tgz#450d4dc9fa70de732762fbd2d4a28981419a0ccf"
  integrity sha1-RQ1Nyfpw3nMnYvvS1KKJgUGaDM8=

websocket@^1.0.32:
  version "1.0.32"
  resolved "https://registry.npm.taobao.org/websocket/download/websocket-1.0.32.tgz?cache=0&sync_timestamp=1600349198667&other_urls=https%3A%2F%2Fregistry.npm.taobao.org%2Fwebsocket%2Fdownload%2Fwebsocket-1.0.32.tgz#1f16ddab3a21a2d929dec1687ab21cfdc6d3dbb1"
  integrity sha1-Hxbdqzohotkp3sFoerIc/cbT27E=
  dependencies:
    bufferutil "^4.0.1"
    debug "^2.2.0"
    es5-ext "^0.10.50"
    typedarray-to-buffer "^3.1.5"
    utf-8-validate "^5.0.2"
    yaeti "^0.0.6"

xxhashjs@^0.2.2:
  version "0.2.2"
  resolved "https://registry.npm.taobao.org/xxhashjs/download/xxhashjs-0.2.2.tgz#8a6251567621a1c46a5ae204da0249c7f8caa9d8"
  integrity sha1-imJRVnYhocRqWuIE2gJJx/jKqdg=
  dependencies:
    cuint "^0.2.2"

yaeti@^0.0.6:
  version "0.0.6"
  resolved "https://registry.npm.taobao.org/yaeti/download/yaeti-0.0.6.tgz#f26f484d72684cf42bedfb76970aa1608fbf9577"
  integrity sha1-8m9ITXJoTPQr7ft2lwqhYI+/lXc=
